
Microsoft Visual Studio Solution File, Format Version 12.00
# Visual Studio Version 17
VisualStudioVersion = 17.0.31903.59
MinimumVisualStudioVersion = 10.0.40219.1
Project("{FAE04EC0-301F-11D3-BF4B-00C04F79EFBC}") = "SalonApp", "SalonApp\SalonApp.csproj", "{4DB18E4D-F86D-4092-9028-BD87CAF2C0BC}"
EndProject
Project("{FAE04EC0-301F-11D3-BF4B-00C04F79EFBC}") = "SalonGui", "SalonGui\SalonGui.csproj", "{66EC3936-7576-4A79-9BC1-54040B51A679}"
EndProject
Global
	GlobalSection(SolutionConfigurationPlatforms) = preSolution
		Debug|Any CPU = Debug|Any CPU
		Release|Any CPU = Release|Any CPU
	EndGlobalSection
	GlobalSection(SolutionProperties) = preSolution
		HideSolutionNode = FALSE
	EndGlobalSection
	GlobalSection(ProjectConfigurationPlatforms) = postSolution
		{4DB18E4D-F86D-4092-9028-BD87CAF2C0BC}.Debug|Any CPU.ActiveCfg = Debug|Any CPU
		{4DB18E4D-F86D-4092-9028-BD87CAF2C0BC}.Debug|Any CPU.Build.0 = Debug|Any CPU
		{4DB18E4D-F86D-4092-9028-BD87CAF2C0BC}.Release|Any CPU.ActiveCfg = Release|Any CPU
		{4DB18E4D-F86D-4092-9028-BD87CAF2C0BC}.Release|Any CPU.Build.0 = Release|Any CPU
		{66EC3936-7576-4A79-9BC1-54040B51A679}.Debug|Any CPU.ActiveCfg = Debug|Any CPU
		{66EC3936-7576-4A79-9BC1-54040B51A679}.Debug|Any CPU.Build.0 = Debug|Any CPU
		{66EC3936-7576-4A79-9BC1-54040B51A679}.Release|Any CPU.ActiveCfg = Release|Any CPU
		{66EC3936-7576-4A79-9BC1-54040B51A679}.Release|Any CPU.Build.0 = Release|Any CPU
	EndGlobalSection
EndGlobal
